{
  "name": "grocery-list",
  "lockfileVersion": 3,
  "requires": true,
  "packages": {
    "": {
      "dependencies": {
        "dexie": "^4.2.1",
        "elm-taskport": "^2.0.1"
      }
    },
    "node_modules/dexie": {
      "version": "4.2.1",
      "resolved": "https://registry.npmjs.org/dexie/-/dexie-4.2.1.tgz",
      "integrity": "sha512-Ckej0NS6jxQ4Po3OrSQBFddayRhTCic2DoCAG5zacOfOVB9P2Q5Xc5uL/nVa7ZVs+HdMnvUPzLFCB/JwpB6Csg==",
      "license": "Apache-2.0"
    },
    "node_modules/elm-taskport": {
      "version": "2.0.1",
      "resolved": "https://registry.npmjs.org/elm-taskport/-/elm-taskport-2.0.1.tgz",
      "integrity": "sha512-8UgIjzmGuoU6Wt6VC0tkJnzvc5xHL5yH7GdN+/QNxaaA3ckoyveCtV0QJqNCRa42bpyR1JhOwLSApwf2Id5xZg==",
      "license": "Apache-2.0"
    }
  }
}
